
Microsoft Visual Studio Solution File, Format Version 11.00
# Visual Studio 2010
Project("{FAE04EC0-301F-11D3-BF4B-00C04F79EFBC}") = "Assembly-CSharp", "Assembly-CSharp.csproj", "{3EA86D76-360F-3852-9EDB-EDAFE065AEA1}"
EndProject
Project("{FAE04EC0-301F-11D3-BF4B-00C04F79EFBC}") = "Assembly-CSharp-Editor", "Assembly-CSharp-Editor.csproj", "{1975C30E-9593-E862-976A-9572F738AB03}"
EndProject
Project("{FAE04EC0-301F-11D3-BF4B-00C04F79EFBC}") = "Assembly-CSharp-Editor-firstpass", "Assembly-CSharp-Editor-firstpass.csproj", "{C1E125BD-AB82-F92C-475D-8A504162F0CC}"
EndProject
Global
	GlobalSection(SolutionConfigurationPlatforms) = preSolution
		Debug|Any CPU = Debug|Any CPU
		Release|Any CPU = Release|Any CPU
	EndGlobalSection
	GlobalSection(ProjectConfigurationPlatforms) = postSolution
		{3EA86D76-360F-3852-9EDB-EDAFE065AEA1}.Debug|Any CPU.ActiveCfg = Debug|Any CPU
		{3EA86D76-360F-3852-9EDB-EDAFE065AEA1}.Debug|Any CPU.Build.0 = Debug|Any CPU
		{3EA86D76-360F-3852-9EDB-EDAFE065AEA1}.Release|Any CPU.ActiveCfg = Release|Any CPU
		{3EA86D76-360F-3852-9EDB-EDAFE065AEA1}.Release|Any CPU.Build.0 = Release|Any CPU
		{1975C30E-9593-E862-976A-9572F738AB03}.Debug|Any CPU.ActiveCfg = Debug|Any CPU
		{1975C30E-9593-E862-976A-9572F738AB03}.Debug|Any CPU.Build.0 = Debug|Any CPU
		{1975C30E-9593-E862-976A-9572F738AB03}.Release|Any CPU.ActiveCfg = Release|Any CPU
		{1975C30E-9593-E862-976A-9572F738AB03}.Release|Any CPU.Build.0 = Release|Any CPU
		{C1E125BD-AB82-F92C-475D-8A504162F0CC}.Debug|Any CPU.ActiveCfg = Debug|Any CPU
		{C1E125BD-AB82-F92C-475D-8A504162F0CC}.Debug|Any CPU.Build.0 = Debug|Any CPU
		{C1E125BD-AB82-F92C-475D-8A504162F0CC}.Release|Any CPU.ActiveCfg = Release|Any CPU
		{C1E125BD-AB82-F92C-475D-8A504162F0CC}.Release|Any CPU.Build.0 = Release|Any CPU
	EndGlobalSection
	GlobalSection(SolutionProperties) = preSolution
		HideSolutionNode = FALSE
	EndGlobalSection
	GlobalSection(MonoDevelopProperties) = preSolution
		StartupItem = Assembly-CSharp.csproj
	EndGlobalSection
EndGlobal
